// !$*UTF8*$!
{
	archiveVersion = 1;
	classes = {
	};
	objectVersion = 48;
	objects = {

/* Begin PBXBuildFile section */
		2333E3641FB799D300CAC7B0 /* ViewControllerDrug.swift in Sources */ = {isa = PBXBuildFile; fileRef = 2333E3631FB799D300CAC7B0 /* ViewControllerDrug.swift */; };
		23F3B5301FB732CA004D93E1 /* AppDelegate.swift in Sources */ = {isa = PBXBuildFile; fileRef = 23F3B52F1FB732CA004D93E1 /* AppDelegate.swift */; };
		23F3B5321FB732CA004D93E1 /* ViewControllerProfie.swift in Sources */ = {isa = PBXBuildFile; fileRef = 23F3B5311FB732CA004D93E1 /* ViewControllerProfie.swift */; };
		23F3B5351FB732CA004D93E1 /* Main.storyboard in Resources */ = {isa = PBXBuildFile; fileRef = 23F3B5331FB732CA004D93E1 /* Main.storyboard */; };
		23F3B5371FB732CA004D93E1 /* Assets.xcassets in Resources */ = {isa = PBXBuildFile; fileRef = 23F3B5361FB732CA004D93E1 /* Assets.xcassets */; };
		23F3B53A1FB732CA004D93E1 /* LaunchScreen.storyboard in Resources */ = {isa = PBXBuildFile; fileRef = 23F3B5381FB732CA004D93E1 /* LaunchScreen.storyboard */; };
		23F3B5421FB78144004D93E1 /* GlobalData.swift in Sources */ = {isa = PBXBuildFile; fileRef = 23F3B5411FB78144004D93E1 /* GlobalData.swift */; };
		23F3B5441FB78BAC004D93E1 /* ViewControllerFood.swift in Sources */ = {isa = PBXBuildFile; fileRef = 23F3B5431FB78BAC004D93E1 /* ViewControllerFood.swift */; };
/* End PBXBuildFile section */

/* Begin PBXFileReference section */
		2333E3631FB799D300CAC7B0 /* ViewControllerDrug.swift */ = {isa = PBXFileReference; lastKnownFileType = sourcecode.swift; path = ViewControllerDrug.swift; sourceTree = "<group>"; };
		23F3B52C1FB732CA004D93E1 /* GAA.app */ = {isa = PBXFileReference; explicitFileType = wrapper.application; includeInIndex = 0; path = GAA.app; sourceTree = BUILT_PRODUCTS_DIR; };
		23F3B52F1FB732CA004D93E1 /* AppDelegate.swift */ = {isa = PBXFileReference; lastKnownFileType = sourcecode.swift; path = AppDelegate.swift; sourceTree = "<group>"; };
		23F3B5311FB732CA004D93E1 /* ViewControllerProfie.swift */ = {isa = PBXFileReference; lastKnownFileType = sourcecode.swift; path = ViewControllerProfie.swift; sourceTree = "<group>"; };
		23F3B5341FB732CA004D93E1 /* Base */ = {isa = PBXFileReference; lastKnownFileType = file.storyboard; name = Base; path = Base.lproj/Main.storyboard; sourceTree = "<group>"; };
		23F3B5361FB732CA004D93E1 /* Assets.xcassets */ = {isa = PBXFileReference; lastKnownFileType = folder.assetcatalog; path = Assets.xcassets; sourceTree = "<group>"; };
		23F3B5391FB732CA004D93E1 /* Base */ = {isa = PBXFileReference; lastKnownFileType = file.storyboard; name = Base; path = Base.lproj/LaunchScreen.storyboard; sourceTree = "<group>"; };
		23F3B53B1FB732CA004D93E1 /* Info.plist */ = {isa = PBXFileReference; lastKnownFileType = text.plist.xml; path = Info.plist; sourceTree = "<group>"; };
		23F3B5411FB78144004D93E1 /* GlobalData.swift */ = {isa = PBXFileReference; lastKnownFileType = sourcecode.swift; path = GlobalData.swift; sourceTree = "<group>"; };
		23F3B5431FB78BAC004D93E1 /* ViewControllerFood.swift */ = {isa = PBXFileReference; lastKnownFileType = sourcecode.swift; path = ViewControllerFood.swift; sourceTree = "<group>"; };
/* End PBXFileReference section */

/* Begin PBXFrameworksBuildPhase section */
		23F3B5291FB732CA004D93E1 /* Frameworks */ = {
			isa = PBXFrameworksBuildPhase;
			buildActionMask = 2147483647;
			files = (
			);
			runOnlyForDeploymentPostprocessing = 0;
		};
/* End PBXFrameworksBuildPhase section */

/* Begin PBXGroup section */
		23F3B5231FB732C9004D93E1 = {
			isa = PBXGroup;
			children = (
				23F3B52E1FB732CA004D93E1 /* GAA */,
				23F3B52D1FB732CA004D93E1 /* Products */,
			);
			sourceTree = "<group>";
		};
		23F3B52D1FB732CA004D93E1 /* Products */ = {
			isa = PBXGroup;
			children = (
				23F3B52C1FB732CA004D93E1 /* GAA.app */,
			);
			name = Products;
			sourceTree = "<group>";
		};
		23F3B52E1FB732CA004D93E1 /* GAA */ = {
			isa = PBXGroup;
			children = (
				23F3B52F1FB732CA004D93E1 /* AppDelegate.swift */,
				23F3B5311FB732CA004D93E1 /* ViewControllerProfie.swift */,
				23F3B5331FB732CA004D93E1 /* Main.storyboard */,
				23F3B5361FB732CA004D93E1 /* Assets.xcassets */,
				23F3B5381FB732CA004D93E1 /* LaunchScreen.storyboard */,
				23F3B53B1FB732CA004D93E1 /* Info.plist */,
				23F3B5411FB78144004D93E1 /* GlobalData.swift */,
				23F3B5431FB78BAC004D93E1 /* ViewControllerFood.swift */,
				2333E3631FB799D300CAC7B0 /* ViewControllerDrug.swift */,
			);
			path = GAA;
			sourceTree = "<group>";
		};
/* End PBXGroup section */

/* Begin PBXNativeTarget section */
		23F3B52B1FB732CA004D93E1 /* GAA */ = {
			isa = PBXNativeTarget;
			buildConfigurationList = 23F3B53E1FB732CA004D93E1 /* Build configuration list for PBXNativeTarget "GAA" */;
			buildPhases = (
				23F3B5281FB732CA004D93E1 /* Sources */,
				23F3B5291FB732CA004D93E1 /* Frameworks */,
				23F3B52A1FB732CA004D93E1 /* Resources */,
			);
			buildRules = (
			);
			dependencies = (
			);
			name = GAA;
			productName = GAA;
			productReference = 23F3B52C1FB732CA004D93E1 /* GAA.app */;
			productType = "com.apple.product-type.application";
		};
/* End PBXNativeTarget section */

/* Begin PBXProject section */
		23F3B5241FB732C9004D93E1 /* Project object */ = {
			isa = PBXProject;
			attributes = {
				LastSwiftUpdateCheck = 0900;
				LastUpgradeCheck = 0900;
				ORGANIZATIONNAME = "Sarah Pisini";
				TargetAttributes = {
					23F3B52B1FB732CA004D93E1 = {
						CreatedOnToolsVersion = 9.0;
						ProvisioningStyle = Automatic;
					};
				};
			};
			buildConfigurationList = 23F3B5271FB732C9004D93E1 /* Build configuration list for PBXProject "GAA" */;
			compatibilityVersion = "Xcode 8.0";
			developmentRegion = en;
			hasScannedForEncodings = 0;
			knownRegions = (
				en,
				Base,
			);
			mainGroup = 23F3B5231FB732C9004D93E1;
			productRefGroup = 23F3B52D1FB732CA004D93E1 /* Products */;
			projectDirPath = "";
			projectRoot = "";
			targets = (
				23F3B52B1FB732CA004D93E1 /* GAA */,
			);
		};
/* End PBXProject section */

/* Begin PBXResourcesBuildPhase section */
		23F3B52A1FB732CA004D93E1 /* Resources */ = {
			isa = PBXResourcesBuildPhase;
			buildActionMask = 2147483647;
			files = (
				23F3B53A1FB732CA004D93E1 /* LaunchScreen.storyboard in Resources */,
				23F3B5371FB732CA004D93E1 /* Assets.xcassets in Resources */,
				23F3B5351FB732CA004D93E1 /* Main.storyboard in Resources */,
			);
			runOnlyForDeploymentPostprocessing = 0;
		};
/* End PBXResourcesBuildPhase section */

/* Begin PBXSourcesBuildPhase section */
		23F3B5281FB732CA004D93E1 /* Sources */ = {
			isa = PBXSourcesBuildPhase;
			buildActionMask = 2147483647;
			files = (
				23F3B5421FB78144004D93E1 /* GlobalData.swift in Sources */,
				23F3B5321FB732CA004D93E1 /* ViewControllerProfie.swift in Sources */,
				2333E3641FB799D300CAC7B0 /* ViewControllerDrug.swift in Sources */,
				23F3B5441FB78BAC004D93E1 /* ViewControllerFood.swift in Sources */,
				23F3B5301FB732CA004D93E1 /* AppDelegate.swift in Sources */,
			);
			runOnlyForDeploymentPostprocessing = 0;
		};
/* End PBXSourcesBuildPhase section */

/* Begin PBXVariantGroup section */
		23F3B5331FB732CA004D93E1 /* Main.storyboard */ = {
			isa = PBXVariantGroup;
			children = (
				23F3B5341FB732CA004D93E1 /* Base */,
			);
			name = Main.storyboard;
			sourceTree = "<group>";
		};
		23F3B5381FB732CA004D93E1 /* LaunchScreen.storyboard */ = {
			isa = PBXVariantGroup;
			children = (
				23F3B5391FB732CA004D93E1 /* Base */,
			);
			name = LaunchScreen.storyboard;
			sourceTree = "<group>";
		};
/* End PBXVariantGroup section */

/* Begin XCBuildConfiguration section */
		23F3B53C1FB732CA004D93E1 /* Debug */ = {
			isa = XCBuildConfiguration;
			buildSettings = {
				ALWAYS_SEARCH_USER_PATHS = NO;
				CLANG_ANALYZER_NONNULL = YES;
				CLANG_ANALYZER_NUMBER_OBJECT_CONVERSION = YES_AGGRESSIVE;
				CLANG_CXX_LANGUAGE_STANDARD = "gnu++14";
				CLANG_CXX_LIBRARY = "libc++";
				CLANG_ENABLE_MODULES = YES;
				CLANG_ENABLE_OBJC_ARC = YES;
				CLANG_WARN_BLOCK_CAPTURE_AUTORELEASING = YES;
				CLANG_WARN_BOOL_CONVERSION = YES;
				CLANG_WARN_COMMA = YES;
				CLANG_WARN_CONSTANT_CONVERSION = YES;
				CLANG_WARN_DIRECT_OBJC_ISA_USAGE = YES_ERROR;
				CLANG_WARN_DOCUMENTATION_COMMENTS = YES;
				CLANG_WARN_EMPTY_BODY = YES;
				CLANG_WARN_ENUM_CONVERSION = YES;
				CLANG_WARN_INFINITE_RECURSION = YES;
				CLANG_WARN_INT_CONVERSION = YES;
				CLANG_WARN_NON_LITERAL_NULL_CONVERSION = YES;
				CLANG_WARN_OBJC_LITERAL_CONVERSION = YES;
				CLANG_WARN_OBJC_ROOT_CLASS = YES_ERROR;
				CLANG_WARN_RANGE_LOOP_ANALYSIS = YES;
				CLANG_WARN_STRICT_PROTOTYPES = YES;
				CLANG_WARN_SUSPICIOUS_MOVE = YES;
				CLANG_WARN_UNGUARDED_AVAILABILITY = YES_AGGRESSIVE;
				CLANG_WARN_UNREACHABLE_CODE = YES;
				CLANG_WARN__DUPLICATE_METHOD_MATCH = YES;
				CODE_SIGN_IDENTITY = "iPhone Developer";
				COPY_PHASE_STRIP = NO;
				DEBUG_INFORMATION_FORMAT = dwarf;
				ENABLE_STRICT_OBJC_MSGSEND = YES;
				ENABLE_TESTABILITY = YES;
				GCC_C_LANGUAGE_STANDARD = gnu11;
				GCC_DYNAMIC_NO_PIC = NO;
				GCC_NO_COMMON_BLOCKS = YES;
				GCC_OPTIMIZATION_LEVEL = 0;
				GCC_PREPROCESSOR_DEFINITIONS = (
					"DEBUG=1",
					"$(inherited)",
				);
				GCC_WARN_64_TO_32_BIT_CONVERSION = YES;
				GCC_WARN_ABOUT_RETURN_TYPE = YES_ERROR;
				GCC_WARN_UNDECLARED_SELECTOR = YES;
				GCC_WARN_UNINITIALIZED_AUTOS = YES_AGGRESSIVE;
				GCC_WARN_UNUSED_FUNCTION = YES;
				GCC_WARN_UNUSED_VARIABLE = YES;
				IPHONEOS_DEPLOYMENT_TARGET = 11.0;
				MTL_ENABLE_DEBUG_INFO = YES;
				ONLY_ACTIVE_ARCH = YES;
				SDKROOT = iphoneos;
				SWIFT_ACTIVE_COMPILATION_CONDITIONS = DEBUG;
				SWIFT_OPTIMIZATION_LEVEL = "-Onone";
			};
			name = Debug;
		};
		23F3B53D1FB732CA004D93E1 /* Release */ = {
			isa = XCBuildConfiguration;
			buildSettings = {
				ALWAYS_SEARCH_USER_PATHS = NO;
				CLANG_ANALYZER_NONNULL = YES;
				CLANG_ANALYZER_NUMBER_OBJECT_CONVERSION = YES_AGGRESSIVE;
				CLANG_CXX_LANGUAGE_STANDARD = "gnu++14";
				CLANG_CXX_LIBRARY = "libc++";
				CLANG_ENABLE_MODULES = YES;
				CLANG_ENABLE_OBJC_ARC = YES;
				CLANG_WARN_BLOCK_CAPTURE_AUTORELEASING = YES;
				CLANG_WARN_BOOL_CONVERSION = YES;
				CLANG_WARN_COMMA = YES;
				CLANG_WARN_CONSTANT_CONVERSION = YES;
				CLANG_WARN_DIRECT_OBJC_ISA_USAGE = YES_ERROR;
				CLANG_WARN_DOCUMENTATION_COMMENTS = YES;
				CLANG_WARN_EMPTY_BODY = YES;
				CLANG_WARN_ENUM_CONVERSION = YES;
				CLANG_WARN_INFINITE_RECURSION = YES;
				CLANG_WARN_INT_CONVERSION = YES;
				CLANG_WARN_NON_LITERAL_NULL_CONVERSION = YES;
				CLANG_WARN_OBJC_LITERAL_CONVERSION = YES;
				CLANG_WARN_OBJC_ROOT_CLASS = YES_ERROR;
				CLANG_WARN_RANGE_LOOP_ANALYSIS = YES;
				CLANG_WARN_STRICT_PROTOTYPES = YES;
				CLANG_WARN_SUSPICIOUS_MOVE = YES;
				CLANG_WARN_UNGUARDED_AVAILABILITY = YES_AGGRESSIVE;
				CLANG_WARN_UNREACHABLE_CODE = YES;
				CLANG_WARN__DUPLICATE_METHOD_MATCH = YES;
				CODE_SIGN_IDENTITY = "iPhone Developer";
				COPY_PHASE_STRIP = NO;
				DEBUG_INFORMATION_FORMAT = "dwarf-with-dsym";
				ENABLE_NS_ASSERTIONS = NO;
				ENABLE_STRICT_OBJC_MSGSEND = YES;
				GCC_C_LANGUAGE_STANDARD = gnu11;
				GCC_NO_COMMON_BLOCKS = YES;
				GCC_WARN_64_TO_32_BIT_CONVERSION = YES;
				GCC_WARN_ABOUT_RETURN_TYPE = YES_ERROR;
				GCC_WARN_UNDECLARED_SELECTOR = YES;
				GCC_WARN_UNINITIALIZED_AUTOS = YES_AGGRESSIVE;
				GCC_WARN_UNUSED_FUNCTION = YES;
				GCC_WARN_UNUSED_VARIABLE = YES;
				IPHONEOS_DEPLOYMENT_TARGET = 11.0;
				MTL_ENABLE_DEBUG_INFO = NO;
				SDKROOT = iphoneos;
				SWIFT_OPTIMIZATION_LEVEL = "-Owholemodule";
				VALIDATE_PRODUCT = YES;
			};
			name = Release;
		};
		23F3B53F1FB732CA004D93E1 /* Debug */ = {
			isa = XCBuildConfiguration;
			buildSettings = {
				ASSETCATALOG_COMPILER_APPICON_NAME = AppIcon;
				CODE_SIGN_STYLE = Automatic;
				INFOPLIST_FILE = GAA/Info.plist;
				LD_RUNPATH_SEARCH_PATHS = "$(inherited) @executable_path/Frameworks";
				PRODUCT_BUNDLE_IDENTIFIER = edu.uiowa.GAA;
				PRODUCT_NAME = "$(TARGET_NAME)";
				SWIFT_VERSION = 4.0;
				TARGETED_DEVICE_FAMILY = "1,2";
			};
			name = Debug;
		};
		23F3B5401FB732CA004D93E1 /* Release */ = {
			isa = XCBuildConfiguration;
			buildSettings = {
				ASSETCATALOG_COMPILER_APPICON_NAME = AppIcon;
				CODE_SIGN_STYLE = Automatic;
				INFOPLIST_FILE = GAA/Info.plist;
				LD_RUNPATH_SEARCH_PATHS = "$(inherited) @executable_path/Frameworks";
				PRODUCT_BUNDLE_IDENTIFIER = edu.uiowa.GAA;
				PRODUCT_NAME = "$(TARGET_NAME)";
				SWIFT_VERSION = 4.0;
				TARGETED_DEVICE_FAMILY = "1,2";
			};
			name = Release;
		};
/* End XCBuildConfiguration section */

/* Begin XCConfigurationList section */
		23F3B5271FB732C9004D93E1 /* Build configuration list for PBXProject "GAA" */ = {
			isa = XCConfigurationList;
			buildConfigurations = (
				23F3B53C1FB732CA004D93E1 /* Debug */,
				23F3B53D1FB732CA004D93E1 /* Release */,
			);
			defaultConfigurationIsVisible = 0;
			defaultConfigurationName = Release;
		};
		23F3B53E1FB732CA004D93E1 /* Build configuration list for PBXNativeTarget "GAA" */ = {
			isa = XCConfigurationList;
			buildConfigurations = (
				23F3B53F1FB732CA004D93E1 /* Debug */,
				23F3B5401FB732CA004D93E1 /* Release */,
			);
			defaultConfigurationIsVisible = 0;
			defaultConfigurationName = Release;
		};
/* End XCConfigurationList section */
	};
	rootObject = 23F3B5241FB732C9004D93E1 /* Project object */;
}
